
Microsoft Visual Studio Solution File, Format Version 12.00
# Visual Studio 15
VisualStudioVersion = 15.0.27130.2020
MinimumVisualStudioVersion = 10.0.40219.1
Project("{FAE04EC0-301F-11D3-BF4B-00C04F79EFBC}") = "MarioGame", "MarioGame\MarioGame.csproj", "{D383B5FC-7A94-46B7-8905-333953BFC905}"
EndProject
Global
	GlobalSection(SolutionConfigurationPlatforms) = preSolution
		Debug|x86 = Debug|x86
		Release|x86 = Release|x86
	EndGlobalSection
	GlobalSection(ProjectConfigurationPlatforms) = postSolution
		{D383B5FC-7A94-46B7-8905-333953BFC905}.Debug|x86.ActiveCfg = Debug|x86
		{D383B5FC-7A94-46B7-8905-333953BFC905}.Debug|x86.Build.0 = Debug|x86
		{D383B5FC-7A94-46B7-8905-333953BFC905}.Release|x86.ActiveCfg = Release|x86
		{D383B5FC-7A94-46B7-8905-333953BFC905}.Release|x86.Build.0 = Release|x86
	EndGlobalSection
	GlobalSection(SolutionProperties) = preSolution
		HideSolutionNode = FALSE
	EndGlobalSection
	GlobalSection(ExtensibilityGlobals) = postSolution
		SolutionGuid = {B11A25C8-9FD5-43EA-BC77-5788E79E922E}
	EndGlobalSection
EndGlobal
